// !$*UTF8*$!
{
	archiveVersion = 1;
	classes = {
	};
	objectVersion = 46;
	objects = {

/* Begin PBXBuildFile section */
		17564C5E18753F8A003EDCE1 /* Foundation.framework in Frameworks */ = {isa = PBXBuildFile; fileRef = 17564C5D18753F8A003EDCE1 /* Foundation.framework */; };
		17564C6018753F8A003EDCE1 /* CoreGraphics.framework in Frameworks */ = {isa = PBXBuildFile; fileRef = 17564C5F18753F8A003EDCE1 /* CoreGraphics.framework */; };
		17564C6218753F8A003EDCE1 /* UIKit.framework in Frameworks */ = {isa = PBXBuildFile; fileRef = 17564C6118753F8A003EDCE1 /* UIKit.framework */; };
		17564C6818753F8A003EDCE1 /* InfoPlist.strings in Resources */ = {isa = PBXBuildFile; fileRef = 17564C6618753F8A003EDCE1 /* InfoPlist.strings */; };
		17564C6A18753F8A003EDCE1 /* main.m in Sources */ = {isa = PBXBuildFile; fileRef = 17564C6918753F8A003EDCE1 /* main.m */; };
		17564C6E18753F8A003EDCE1 /* GBAppDelegate.m in Sources */ = {isa = PBXBuildFile; fileRef = 17564C6D18753F8A003EDCE1 /* GBAppDelegate.m */; };
		17564C7118753F8A003EDCE1 /* Main.storyboard in Resources */ = {isa = PBXBuildFile; fileRef = 17564C6F18753F8A003EDCE1 /* Main.storyboard */; };
		17564C7418753F8A003EDCE1 /* GBViewController.m in Sources */ = {isa = PBXBuildFile; fileRef = 17564C7318753F8A003EDCE1 /* GBViewController.m */; };
		17564C7618753F8A003EDCE1 /* Images.xcassets in Resources */ = {isa = PBXBuildFile; fileRef = 17564C7518753F8A003EDCE1 /* Images.xcassets */; };
		17564C7D18753F8A003EDCE1 /* XCTest.framework in Frameworks */ = {isa = PBXBuildFile; fileRef = 17564C7C18753F8A003EDCE1 /* XCTest.framework */; };
		17564C7E18753F8A003EDCE1 /* Foundation.framework in Frameworks */ = {isa = PBXBuildFile; fileRef = 17564C5D18753F8A003EDCE1 /* Foundation.framework */; };
		17564C7F18753F8A003EDCE1 /* UIKit.framework in Frameworks */ = {isa = PBXBuildFile; fileRef = 17564C6118753F8A003EDCE1 /* UIKit.framework */; };
		17564C8718753F8A003EDCE1 /* InfoPlist.strings in Resources */ = {isa = PBXBuildFile; fileRef = 17564C8518753F8A003EDCE1 /* InfoPlist.strings */; };
		17564C8918753F8A003EDCE1 /* GREBeeTests.m in Sources */ = {isa = PBXBuildFile; fileRef = 17564C8818753F8A003EDCE1 /* GREBeeTests.m */; };
		17564C9518754058003EDCE1 /* Twitter.png in Resources */ = {isa = PBXBuildFile; fileRef = 17564C9318754058003EDCE1 /* Twitter.png */; };
		17564C9618754058003EDCE1 /* images.jpg in Resources */ = {isa = PBXBuildFile; fileRef = 17564C9418754058003EDCE1 /* images.jpg */; };
		17564C9918754219003EDCE1 /* wordListCell.xib in Resources */ = {isa = PBXBuildFile; fileRef = 17564C9818754219003EDCE1 /* wordListCell.xib */; };
		17574BA6187D282F00F1B85C /* WordList.xcdatamodeld in Sources */ = {isa = PBXBuildFile; fileRef = 17574BA4187D282F00F1B85C /* WordList.xcdatamodeld */; };
		17574BA9187D29CD00F1B85C /* WordDetails.m in Sources */ = {isa = PBXBuildFile; fileRef = 17574BA8187D29CD00F1B85C /* WordDetails.m */; };
		17A733F81877F41B002E944D /* GBWordMeaningViewController.m in Sources */ = {isa = PBXBuildFile; fileRef = 17A733F71877F41B002E944D /* GBWordMeaningViewController.m */; };
		17A733FC1877F667002E944D /* WordMeaningCell.xib in Resources */ = {isa = PBXBuildFile; fileRef = 17A733FB1877F667002E944D /* WordMeaningCell.xib */; };
		17A733FF1877F6DA002E944D /* GBWordMeaningCell.m in Sources */ = {isa = PBXBuildFile; fileRef = 17A733FE1877F6DA002E944D /* GBWordMeaningCell.m */; };
		17B5A36A1876BA8C00BD364C /* GBWordListCell.m in Sources */ = {isa = PBXBuildFile; fileRef = 17B5A3691876BA8C00BD364C /* GBWordListCell.m */; };
		17B5A36D1876BB4A00BD364C /* GBWordListVC.m in Sources */ = {isa = PBXBuildFile; fileRef = 17B5A36C1876BB4A00BD364C /* GBWordListVC.m */; };
		17B5A3701876CE7E00BD364C /* wordCardCell.xib in Resources */ = {isa = PBXBuildFile; fileRef = 17B5A36F1876CE7E00BD364C /* wordCardCell.xib */; };
		17B5A3731876CF1E00BD364C /* GBwordCardCell.m in Sources */ = {isa = PBXBuildFile; fileRef = 17B5A3721876CF1E00BD364C /* GBwordCardCell.m */; };
		CFEAF1DB187EBD99008BE272 /* WordCardDetails.xib in Resources */ = {isa = PBXBuildFile; fileRef = CFEAF1DA187EBD99008BE272 /* WordCardDetails.xib */; };
/* End PBXBuildFile section */

/* Begin PBXContainerItemProxy section */
		17564C8018753F8A003EDCE1 /* PBXContainerItemProxy */ = {
			isa = PBXContainerItemProxy;
			containerPortal = 17564C5218753F8A003EDCE1 /* Project object */;
			proxyType = 1;
			remoteGlobalIDString = 17564C5918753F8A003EDCE1;
			remoteInfo = GREBee;
		};
/* End PBXContainerItemProxy section */

/* Begin PBXFileReference section */
		17564C5A18753F8A003EDCE1 /* GREBee.app */ = {isa = PBXFileReference; explicitFileType = wrapper.application; includeInIndex = 0; path = GREBee.app; sourceTree = BUILT_PRODUCTS_DIR; };
		17564C5D18753F8A003EDCE1 /* Foundation.framework */ = {isa = PBXFileReference; lastKnownFileType = wrapper.framework; name = Foundation.framework; path = System/Library/Frameworks/Foundation.framework; sourceTree = SDKROOT; };
		17564C5F18753F8A003EDCE1 /* CoreGraphics.framework */ = {isa = PBXFileReference; lastKnownFileType = wrapper.framework; name = CoreGraphics.framework; path = System/Library/Frameworks/CoreGraphics.framework; sourceTree = SDKROOT; };
		17564C6118753F8A003EDCE1 /* UIKit.framework */ = {isa = PBXFileReference; lastKnownFileType = wrapper.framework; name = UIKit.framework; path = System/Library/Frameworks/UIKit.framework; sourceTree = SDKROOT; };
		17564C6518753F8A003EDCE1 /* GREBee-Info.plist */ = {isa = PBXFileReference; lastKnownFileType = text.plist.xml; path = "GREBee-Info.plist"; sourceTree = "<group>"; };
		17564C6718753F8A003EDCE1 /* en */ = {isa = PBXFileReference; lastKnownFileType = text.plist.strings; name = en; path = en.lproj/InfoPlist.strings; sourceTree = "<group>"; };
		17564C6918753F8A003EDCE1 /* main.m */ = {isa = PBXFileReference; lastKnownFileType = sourcecode.c.objc; path = main.m; sourceTree = "<group>"; };
		17564C6B18753F8A003EDCE1 /* GREBee-Prefix.pch */ = {isa = PBXFileReference; lastKnownFileType = sourcecode.c.h; path = "GREBee-Prefix.pch"; sourceTree = "<group>"; };
		17564C6C18753F8A003EDCE1 /* GBAppDelegate.h */ = {isa = PBXFileReference; lastKnownFileType = sourcecode.c.h; path = GBAppDelegate.h; sourceTree = "<group>"; };
		17564C6D18753F8A003EDCE1 /* GBAppDelegate.m */ = {isa = PBXFileReference; lastKnownFileType = sourcecode.c.objc; path = GBAppDelegate.m; sourceTree = "<group>"; };
		17564C7018753F8A003EDCE1 /* Base */ = {isa = PBXFileReference; lastKnownFileType = file.storyboard; name = Base; path = Base.lproj/Main.storyboard; sourceTree = "<group>"; };
		17564C7218753F8A003EDCE1 /* GBViewController.h */ = {isa = PBXFileReference; lastKnownFileType = sourcecode.c.h; path = GBViewController.h; sourceTree = "<group>"; };
		17564C7318753F8A003EDCE1 /* GBViewController.m */ = {isa = PBXFileReference; lastKnownFileType = sourcecode.c.objc; path = GBViewController.m; sourceTree = "<group>"; };
		17564C7518753F8A003EDCE1 /* Images.xcassets */ = {isa = PBXFileReference; lastKnownFileType = folder.assetcatalog; path = Images.xcassets; sourceTree = "<group>"; };
		17564C7B18753F8A003EDCE1 /* GREBeeTests.xctest */ = {isa = PBXFileReference; explicitFileType = wrapper.cfbundle; includeInIndex = 0; path = GREBeeTests.xctest; sourceTree = BUILT_PRODUCTS_DIR; };
		17564C7C18753F8A003EDCE1 /* XCTest.framework */ = {isa = PBXFileReference; lastKnownFileType = wrapper.framework; name = XCTest.framework; path = Library/Frameworks/XCTest.framework; sourceTree = DEVELOPER_DIR; };
		17564C8418753F8A003EDCE1 /* GREBeeTests-Info.plist */ = {isa = PBXFileReference; lastKnownFileType = text.plist.xml; path = "GREBeeTests-Info.plist"; sourceTree = "<group>"; };
		17564C8618753F8A003EDCE1 /* en */ = {isa = PBXFileReference; lastKnownFileType = text.plist.strings; name = en; path = en.lproj/InfoPlist.strings; sourceTree = "<group>"; };
		17564C8818753F8A003EDCE1 /* GREBeeTests.m */ = {isa = PBXFileReference; lastKnownFileType = sourcecode.c.objc; path = GREBeeTests.m; sourceTree = "<group>"; };
		17564C9318754058003EDCE1 /* Twitter.png */ = {isa = PBXFileReference; lastKnownFileType = image.png; path = Twitter.png; sourceTree = "<group>"; };
		17564C9418754058003EDCE1 /* images.jpg */ = {isa = PBXFileReference; lastKnownFileType = image.jpeg; path = images.jpg; sourceTree = "<group>"; };
		17564C9818754219003EDCE1 /* wordListCell.xib */ = {isa = PBXFileReference; fileEncoding = 4; lastKnownFileType = file.xib; path = wordListCell.xib; sourceTree = "<group>"; };
		17574BA5187D282F00F1B85C /* WordList.xcdatamodel */ = {isa = PBXFileReference; lastKnownFileType = wrapper.xcdatamodel; path = WordList.xcdatamodel; sourceTree = "<group>"; };
		17574BA7187D29CD00F1B85C /* WordDetails.h */ = {isa = PBXFileReference; fileEncoding = 4; lastKnownFileType = sourcecode.c.h; path = WordDetails.h; sourceTree = "<group>"; };
		17574BA8187D29CD00F1B85C /* WordDetails.m */ = {isa = PBXFileReference; fileEncoding = 4; lastKnownFileType = sourcecode.c.objc; path = WordDetails.m; sourceTree = "<group>"; };
		17A733F61877F41B002E944D /* GBWordMeaningViewController.h */ = {isa = PBXFileReference; fileEncoding = 4; lastKnownFileType = sourcecode.c.h; path = GBWordMeaningViewController.h; sourceTree = "<group>"; };
		17A733F71877F41B002E944D /* GBWordMeaningViewController.m */ = {isa = PBXFileReference; fileEncoding = 4; lastKnownFileType = sourcecode.c.objc; path = GBWordMeaningViewController.m; sourceTree = "<group>"; };
		17A733FB1877F667002E944D /* WordMeaningCell.xib */ = {isa = PBXFileReference; fileEncoding = 4; lastKnownFileType = file.xib; path = WordMeaningCell.xib; sourceTree = "<group>"; };
		17A733FD1877F6DA002E944D /* GBWordMeaningCell.h */ = {isa = PBXFileReference; fileEncoding = 4; lastKnownFileType = sourcecode.c.h; path = GBWordMeaningCell.h; sourceTree = "<group>"; };
		17A733FE1877F6DA002E944D /* GBWordMeaningCell.m */ = {isa = PBXFileReference; fileEncoding = 4; lastKnownFileType = sourcecode.c.objc; path = GBWordMeaningCell.m; sourceTree = "<group>"; };
		17B5A3681876BA8C00BD364C /* GBWordListCell.h */ = {isa = PBXFileReference; fileEncoding = 4; lastKnownFileType = sourcecode.c.h; path = GBWordListCell.h; sourceTree = "<group>"; };
		17B5A3691876BA8C00BD364C /* GBWordListCell.m */ = {isa = PBXFileReference; fileEncoding = 4; lastKnownFileType = sourcecode.c.objc; path = GBWordListCell.m; sourceTree = "<group>"; };
		17B5A36B1876BB4A00BD364C /* GBWordListVC.h */ = {isa = PBXFileReference; fileEncoding = 4; lastKnownFileType = sourcecode.c.h; path = GBWordListVC.h; sourceTree = "<group>"; };
		17B5A36C1876BB4A00BD364C /* GBWordListVC.m */ = {isa = PBXFileReference; fileEncoding = 4; lastKnownFileType = sourcecode.c.objc; path = GBWordListVC.m; sourceTree = "<group>"; };
		17B5A36F1876CE7E00BD364C /* wordCardCell.xib */ = {isa = PBXFileReference; fileEncoding = 4; lastKnownFileType = file.xib; path = wordCardCell.xib; sourceTree = "<group>"; };
		17B5A3711876CF1E00BD364C /* GBwordCardCell.h */ = {isa = PBXFileReference; fileEncoding = 4; lastKnownFileType = sourcecode.c.h; path = GBwordCardCell.h; sourceTree = "<group>"; };
		17B5A3721876CF1E00BD364C /* GBwordCardCell.m */ = {isa = PBXFileReference; fileEncoding = 4; lastKnownFileType = sourcecode.c.objc; path = GBwordCardCell.m; sourceTree = "<group>"; };
		CFEAF1DA187EBD99008BE272 /* WordCardDetails.xib */ = {isa = PBXFileReference; fileEncoding = 4; lastKnownFileType = file.xib; path = WordCardDetails.xib; sourceTree = "<group>"; };
/* End PBXFileReference section */

/* Begin PBXFrameworksBuildPhase section */
		17564C5718753F8A003EDCE1 /* Frameworks */ = {
			isa = PBXFrameworksBuildPhase;
			buildActionMask = 2147483647;
			files = (
				17564C6018753F8A003EDCE1 /* CoreGraphics.framework in Frameworks */,
				17564C6218753F8A003EDCE1 /* UIKit.framework in Frameworks */,
				17564C5E18753F8A003EDCE1 /* Foundation.framework in Frameworks */,
			);
			runOnlyForDeploymentPostprocessing = 0;
		};
		17564C7818753F8A003EDCE1 /* Frameworks */ = {
			isa = PBXFrameworksBuildPhase;
			buildActionMask = 2147483647;
			files = (
				17564C7D18753F8A003EDCE1 /* XCTest.framework in Frameworks */,
				17564C7F18753F8A003EDCE1 /* UIKit.framework in Frameworks */,
				17564C7E18753F8A003EDCE1 /* Foundation.framework in Frameworks */,
			);
			runOnlyForDeploymentPostprocessing = 0;
		};
/* End PBXFrameworksBuildPhase section */

/* Begin PBXGroup section */
		17564C5118753F8A003EDCE1 = {
			isa = PBXGroup;
			children = (
				17564C6318753F8A003EDCE1 /* GREBee */,
				17564C8218753F8A003EDCE1 /* GREBeeTests */,
				17564C5C18753F8A003EDCE1 /* Frameworks */,
				17564C5B18753F8A003EDCE1 /* Products */,
			);
			sourceTree = "<group>";
		};
		17564C5B18753F8A003EDCE1 /* Products */ = {
			isa = PBXGroup;
			children = (
				17564C5A18753F8A003EDCE1 /* GREBee.app */,
				17564C7B18753F8A003EDCE1 /* GREBeeTests.xctest */,
			);
			name = Products;
			sourceTree = "<group>";
		};
		17564C5C18753F8A003EDCE1 /* Frameworks */ = {
			isa = PBXGroup;
			children = (
				17564C5D18753F8A003EDCE1 /* Foundation.framework */,
				17564C5F18753F8A003EDCE1 /* CoreGraphics.framework */,
				17564C6118753F8A003EDCE1 /* UIKit.framework */,
				17564C7C18753F8A003EDCE1 /* XCTest.framework */,
			);
			name = Frameworks;
			sourceTree = "<group>";
		};
		17564C6318753F8A003EDCE1 /* GREBee */ = {
			isa = PBXGroup;
			children = (
				17574BAA187D29FD00F1B85C /* Dabase */,
				17B5A3741876D0CD00BD364C /* WordList */,
				17A733F91877F44E002E944D /* WordMeaningVC */,
				17B5A36E1876CDDE00BD364C /* WordCardCell */,
				17A6D969187EAB8A00594CCB /* Main App */,
				17A6D968187EAB7A00594CCB /* Begin Here */,
				17564C6F18753F8A003EDCE1 /* Main.storyboard */,
				17564C9218754046003EDCE1 /* images */,
				17564C7518753F8A003EDCE1 /* Images.xcassets */,
				17564C6418753F8A003EDCE1 /* Supporting Files */,
			);
			path = GREBee;
			sourceTree = "<group>";
		};
		17564C6418753F8A003EDCE1 /* Supporting Files */ = {
			isa = PBXGroup;
			children = (
				17564C6518753F8A003EDCE1 /* GREBee-Info.plist */,
				17564C6618753F8A003EDCE1 /* InfoPlist.strings */,
				17564C6918753F8A003EDCE1 /* main.m */,
				17564C6B18753F8A003EDCE1 /* GREBee-Prefix.pch */,
			);
			name = "Supporting Files";
			sourceTree = "<group>";
		};
		17564C8218753F8A003EDCE1 /* GREBeeTests */ = {
			isa = PBXGroup;
			children = (
				17564C8818753F8A003EDCE1 /* GREBeeTests.m */,
				17564C8318753F8A003EDCE1 /* Supporting Files */,
			);
			path = GREBeeTests;
			sourceTree = "<group>";
		};
		17564C8318753F8A003EDCE1 /* Supporting Files */ = {
			isa = PBXGroup;
			children = (
				17564C8418753F8A003EDCE1 /* GREBeeTests-Info.plist */,
				17564C8518753F8A003EDCE1 /* InfoPlist.strings */,
			);
			name = "Supporting Files";
			sourceTree = "<group>";
		};
		17564C9218754046003EDCE1 /* images */ = {
			isa = PBXGroup;
			children = (
				17564C9318754058003EDCE1 /* Twitter.png */,
				17564C9418754058003EDCE1 /* images.jpg */,
			);
			name = images;
			sourceTree = "<group>";
		};
		17564C97187541F9003EDCE1 /* wordListCell */ = {
			isa = PBXGroup;
			children = (
				17564C9818754219003EDCE1 /* wordListCell.xib */,
				17B5A3681876BA8C00BD364C /* GBWordListCell.h */,
				17B5A3691876BA8C00BD364C /* GBWordListCell.m */,
			);
			name = wordListCell;
			sourceTree = "<group>";
		};
		17574BAA187D29FD00F1B85C /* Dabase */ = {
			isa = PBXGroup;
			children = (
				17574BA4187D282F00F1B85C /* WordList.xcdatamodeld */,
				17574BA7187D29CD00F1B85C /* WordDetails.h */,
				17574BA8187D29CD00F1B85C /* WordDetails.m */,
			);
			name = Dabase;
			path = ..;
			sourceTree = "<group>";
		};
		17A6D968187EAB7A00594CCB /* Begin Here */ = {
			isa = PBXGroup;
			children = (
				17564C7218753F8A003EDCE1 /* GBViewController.h */,
				17564C7318753F8A003EDCE1 /* GBViewController.m */,
			);
			name = "Begin Here";
			sourceTree = "<group>";
		};
		17A6D969187EAB8A00594CCB /* Main App */ = {
			isa = PBXGroup;
			children = (
				17564C6C18753F8A003EDCE1 /* GBAppDelegate.h */,
				17564C6D18753F8A003EDCE1 /* GBAppDelegate.m */,
			);
			name = "Main App";
			sourceTree = "<group>";
		};
		17A733F91877F44E002E944D /* WordMeaningVC */ = {
			isa = PBXGroup;
			children = (
				17A733FA1877F631002E944D /* WordMeaningCell */,
				17A733F61877F41B002E944D /* GBWordMeaningViewController.h */,
				17A733F71877F41B002E944D /* GBWordMeaningViewController.m */,
			);
			name = WordMeaningVC;
			sourceTree = "<group>";
		};
		17A733FA1877F631002E944D /* WordMeaningCell */ = {
			isa = PBXGroup;
			children = (
				17A733FB1877F667002E944D /* WordMeaningCell.xib */,
				17A733FD1877F6DA002E944D /* GBWordMeaningCell.h */,
				17A733FE1877F6DA002E944D /* GBWordMeaningCell.m */,
			);
			name = WordMeaningCell;
			sourceTree = "<group>";
		};
		17B5A36E1876CDDE00BD364C /* WordCardCell */ = {
			isa = PBXGroup;
			children = (
				CFEAF1D8187EBD32008BE272 /* word card */,
				CFEAF1D9187EBD3A008BE272 /* word details */,
			);
			name = WordCardCell;
			sourceTree = "<group>";
		};
		17B5A3741876D0CD00BD364C /* WordList */ = {
			isa = PBXGroup;
			children = (
				17564C97187541F9003EDCE1 /* wordListCell */,
				17B5A36B1876BB4A00BD364C /* GBWordListVC.h */,
				17B5A36C1876BB4A00BD364C /* GBWordListVC.m */,
			);
			name = WordList;
			sourceTree = "<group>";
		};
		CFEAF1D8187EBD32008BE272 /* word card */ = {
			isa = PBXGroup;
			children = (
				17B5A36F1876CE7E00BD364C /* wordCardCell.xib */,
				17B5A3711876CF1E00BD364C /* GBwordCardCell.h */,
				17B5A3721876CF1E00BD364C /* GBwordCardCell.m */,
			);
			name = "word card";
			sourceTree = "<group>";
		};
		CFEAF1D9187EBD3A008BE272 /* word details */ = {
			isa = PBXGroup;
			children = (
				CFEAF1DA187EBD99008BE272 /* WordCardDetails.xib */,
			);
			name = "word details";
			sourceTree = "<group>";
		};
/* End PBXGroup section */

/* Begin PBXNativeTarget section */
		17564C5918753F8A003EDCE1 /* GREBee */ = {
			isa = PBXNativeTarget;
			buildConfigurationList = 17564C8C18753F8A003EDCE1 /* Build configuration list for PBXNativeTarget "GREBee" */;
			buildPhases = (
				17564C5618753F8A003EDCE1 /* Sources */,
				17564C5718753F8A003EDCE1 /* Frameworks */,
				17564C5818753F8A003EDCE1 /* Resources */,
			);
			buildRules = (
			);
			dependencies = (
			);
			name = GREBee;
			productName = GREBee;
			productReference = 17564C5A18753F8A003EDCE1 /* GREBee.app */;
			productType = "com.apple.product-type.application";
		};
		17564C7A18753F8A003EDCE1 /* GREBeeTests */ = {
			isa = PBXNativeTarget;
			buildConfigurationList = 17564C8F18753F8A003EDCE1 /* Build configuration list for PBXNativeTarget "GREBeeTests" */;
			buildPhases = (
				17564C7718753F8A003EDCE1 /* Sources */,
				17564C7818753F8A003EDCE1 /* Frameworks */,
				17564C7918753F8A003EDCE1 /* Resources */,
			);
			buildRules = (
			);
			dependencies = (
				17564C8118753F8A003EDCE1 /* PBXTargetDependency */,
			);
			name = GREBeeTests;
			productName = GREBeeTests;
			productReference = 17564C7B18753F8A003EDCE1 /* GREBeeTests.xctest */;
			productType = "com.apple.product-type.bundle.unit-test";
		};
/* End PBXNativeTarget section */

/* Begin PBXProject section */
		17564C5218753F8A003EDCE1 /* Project object */ = {
			isa = PBXProject;
			attributes = {
				CLASSPREFIX = GB;
				LastUpgradeCheck = 0500;
				ORGANIZATIONNAME = Techno;
				TargetAttributes = {
					17564C7A18753F8A003EDCE1 = {
						TestTargetID = 17564C5918753F8A003EDCE1;
					};
				};
			};
			buildConfigurationList = 17564C5518753F8A003EDCE1 /* Build configuration list for PBXProject "GREBee" */;
			compatibilityVersion = "Xcode 3.2";
			developmentRegion = English;
			hasScannedForEncodings = 0;
			knownRegions = (
				en,
				Base,
			);
			mainGroup = 17564C5118753F8A003EDCE1;
			productRefGroup = 17564C5B18753F8A003EDCE1 /* Products */;
			projectDirPath = "";
			projectRoot = "";
			targets = (
				17564C5918753F8A003EDCE1 /* GREBee */,
				17564C7A18753F8A003EDCE1 /* GREBeeTests */,
			);
		};
/* End PBXProject section */

/* Begin PBXResourcesBuildPhase section */
		17564C5818753F8A003EDCE1 /* Resources */ = {
			isa = PBXResourcesBuildPhase;
			buildActionMask = 2147483647;
			files = (
				17564C7618753F8A003EDCE1 /* Images.xcassets in Resources */,
				17564C9618754058003EDCE1 /* images.jpg in Resources */,
				17564C9518754058003EDCE1 /* Twitter.png in Resources */,
				CFEAF1DB187EBD99008BE272 /* WordCardDetails.xib in Resources */,
				17564C9918754219003EDCE1 /* wordListCell.xib in Resources */,
				17564C6818753F8A003EDCE1 /* InfoPlist.strings in Resources */,
				17564C7118753F8A003EDCE1 /* Main.storyboard in Resources */,
				17B5A3701876CE7E00BD364C /* wordCardCell.xib in Resources */,
				17A733FC1877F667002E944D /* WordMeaningCell.xib in Resources */,
			);
			runOnlyForDeploymentPostprocessing = 0;
		};
		17564C7918753F8A003EDCE1 /* Resources */ = {
			isa = PBXResourcesBuildPhase;
			buildActionMask = 2147483647;
			files = (
				17564C8718753F8A003EDCE1 /* InfoPlist.strings in Resources */,
			);
			runOnlyForDeploymentPostprocessing = 0;
		};
/* End PBXResourcesBuildPhase section */

/* Begin PBXSourcesBuildPhase section */
		17564C5618753F8A003EDCE1 /* Sources */ = {
			isa = PBXSourcesBuildPhase;
			buildActionMask = 2147483647;
			files = (
				17574BA9187D29CD00F1B85C /* WordDetails.m in Sources */,
				17574BA6187D282F00F1B85C /* WordList.xcdatamodeld in Sources */,
				17A733F81877F41B002E944D /* GBWordMeaningViewController.m in Sources */,
				17B5A36A1876BA8C00BD364C /* GBWordListCell.m in Sources */,
				17A733FF1877F6DA002E944D /* GBWordMeaningCell.m in Sources */,
				17B5A36D1876BB4A00BD364C /* GBWordListVC.m in Sources */,
				17564C6A18753F8A003EDCE1 /* main.m in Sources */,
				17564C7418753F8A003EDCE1 /* GBViewController.m in Sources */,
				17B5A3731876CF1E00BD364C /* GBwordCardCell.m in Sources */,
				17564C6E18753F8A003EDCE1 /* GBAppDelegate.m in Sources */,
			);
			runOnlyForDeploymentPostprocessing = 0;
		};
		17564C7718753F8A003EDCE1 /* Sources */ = {
			isa = PBXSourcesBuildPhase;
			buildActionMask = 2147483647;
			files = (
				17564C8918753F8A003EDCE1 /* GREBeeTests.m in Sources */,
			);
			runOnlyForDeploymentPostprocessing = 0;
		};
/* End PBXSourcesBuildPhase section */

/* Begin PBXTargetDependency section */
		17564C8118753F8A003EDCE1 /* PBXTargetDependency */ = {
			isa = PBXTargetDependency;
			target = 17564C5918753F8A003EDCE1 /* GREBee */;
			targetProxy = 17564C8018753F8A003EDCE1 /* PBXContainerItemProxy */;
		};
/* End PBXTargetDependency section */

/* Begin PBXVariantGroup section */
		17564C6618753F8A003EDCE1 /* InfoPlist.strings */ = {
			isa = PBXVariantGroup;
			children = (
				17564C6718753F8A003EDCE1 /* en */,
			);
			name = InfoPlist.strings;
			sourceTree = "<group>";
		};
		17564C6F18753F8A003EDCE1 /* Main.storyboard */ = {
			isa = PBXVariantGroup;
			children = (
				17564C7018753F8A003EDCE1 /* Base */,
			);
			name = Main.storyboard;
			sourceTree = "<group>";
		};
		17564C8518753F8A003EDCE1 /* InfoPlist.strings */ = {
			isa = PBXVariantGroup;
			children = (
				17564C8618753F8A003EDCE1 /* en */,
			);
			name = InfoPlist.strings;
			sourceTree = "<group>";
		};
/* End PBXVariantGroup section */

/* Begin XCBuildConfiguration section */
		17564C8A18753F8A003EDCE1 /* Debug */ = {
			isa = XCBuildConfiguration;
			buildSettings = {
				ALWAYS_SEARCH_USER_PATHS = NO;
				ARCHS = "$(ARCHS_STANDARD_INCLUDING_64_BIT)";
				CLANG_CXX_LANGUAGE_STANDARD = "gnu++0x";
				CLANG_CXX_LIBRARY = "libc++";
				CLANG_ENABLE_MODULES = YES;
				CLANG_ENABLE_OBJC_ARC = YES;
				CLANG_WARN_BOOL_CONVERSION = YES;
				CLANG_WARN_CONSTANT_CONVERSION = YES;
				CLANG_WARN_DIRECT_OBJC_ISA_USAGE = YES_ERROR;
				CLANG_WARN_EMPTY_BODY = YES;
				CLANG_WARN_ENUM_CONVERSION = YES;
				CLANG_WARN_INT_CONVERSION = YES;
				CLANG_WARN_OBJC_ROOT_CLASS = YES_ERROR;
				CLANG_WARN__DUPLICATE_METHOD_MATCH = YES;
				"CODE_SIGN_IDENTITY[sdk=iphoneos*]" = "iPhone Developer";
				COPY_PHASE_STRIP = NO;
				GCC_C_LANGUAGE_STANDARD = gnu99;
				GCC_DYNAMIC_NO_PIC = NO;
				GCC_OPTIMIZATION_LEVEL = 0;
				GCC_PREPROCESSOR_DEFINITIONS = (
					"DEBUG=1",
					"$(inherited)",
				);
				GCC_SYMBOLS_PRIVATE_EXTERN = NO;
				GCC_WARN_64_TO_32_BIT_CONVERSION = YES;
				GCC_WARN_ABOUT_RETURN_TYPE = YES_ERROR;
				GCC_WARN_UNDECLARED_SELECTOR = YES;
				GCC_WARN_UNINITIALIZED_AUTOS = YES;
				GCC_WARN_UNUSED_FUNCTION = YES;
				GCC_WARN_UNUSED_VARIABLE = YES;
				IPHONEOS_DEPLOYMENT_TARGET = 7.0;
				ONLY_ACTIVE_ARCH = YES;
				SDKROOT = iphoneos;
			};
			name = Debug;
		};
		17564C8B18753F8A003EDCE1 /* Release */ = {
			isa = XCBuildConfiguration;
			buildSettings = {
				ALWAYS_SEARCH_USER_PATHS = NO;
				ARCHS = "$(ARCHS_STANDARD_INCLUDING_64_BIT)";
				CLANG_CXX_LANGUAGE_STANDARD = "gnu++0x";
				CLANG_CXX_LIBRARY = "libc++";
				CLANG_ENABLE_MODULES = YES;
				CLANG_ENABLE_OBJC_ARC = YES;
				CLANG_WARN_BOOL_CONVERSION = YES;
				CLANG_WARN_CONSTANT_CONVERSION = YES;
				CLANG_WARN_DIRECT_OBJC_ISA_USAGE = YES_ERROR;
				CLANG_WARN_EMPTY_BODY = YES;
				CLANG_WARN_ENUM_CONVERSION = YES;
				CLANG_WARN_INT_CONVERSION = YES;
				CLANG_WARN_OBJC_ROOT_CLASS = YES_ERROR;
				CLANG_WARN__DUPLICATE_METHOD_MATCH = YES;
				"CODE_SIGN_IDENTITY[sdk=iphoneos*]" = "iPhone Developer";
				COPY_PHASE_STRIP = YES;
				ENABLE_NS_ASSERTIONS = NO;
				GCC_C_LANGUAGE_STANDARD = gnu99;
				GCC_WARN_64_TO_32_BIT_CONVERSION = YES;
				GCC_WARN_ABOUT_RETURN_TYPE = YES_ERROR;
				GCC_WARN_UNDECLARED_SELECTOR = YES;
				GCC_WARN_UNINITIALIZED_AUTOS = YES;
				GCC_WARN_UNUSED_FUNCTION = YES;
				GCC_WARN_UNUSED_VARIABLE = YES;
				IPHONEOS_DEPLOYMENT_TARGET = 7.0;
				SDKROOT = iphoneos;
				VALIDATE_PRODUCT = YES;
			};
			name = Release;
		};
		17564C8D18753F8A003EDCE1 /* Debug */ = {
			isa = XCBuildConfiguration;
			buildSettings = {
				ASSETCATALOG_COMPILER_APPICON_NAME = AppIcon;
				ASSETCATALOG_COMPILER_LAUNCHIMAGE_NAME = LaunchImage;
				GCC_PRECOMPILE_PREFIX_HEADER = YES;
				GCC_PREFIX_HEADER = "GREBee/GREBee-Prefix.pch";
				INFOPLIST_FILE = "GREBee/GREBee-Info.plist";
				PRODUCT_NAME = "$(TARGET_NAME)";
				WRAPPER_EXTENSION = app;
			};
			name = Debug;
		};
		17564C8E18753F8A003EDCE1 /* Release */ = {
			isa = XCBuildConfiguration;
			buildSettings = {
				ASSETCATALOG_COMPILER_APPICON_NAME = AppIcon;
				ASSETCATALOG_COMPILER_LAUNCHIMAGE_NAME = LaunchImage;
				GCC_PRECOMPILE_PREFIX_HEADER = YES;
				GCC_PREFIX_HEADER = "GREBee/GREBee-Prefix.pch";
				INFOPLIST_FILE = "GREBee/GREBee-Info.plist";
				PRODUCT_NAME = "$(TARGET_NAME)";
				WRAPPER_EXTENSION = app;
			};
			name = Release;
		};
		17564C9018753F8A003EDCE1 /* Debug */ = {
			isa = XCBuildConfiguration;
			buildSettings = {
				ARCHS = "$(ARCHS_STANDARD_INCLUDING_64_BIT)";
				BUNDLE_LOADER = "$(BUILT_PRODUCTS_DIR)/GREBee.app/GREBee";
				FRAMEWORK_SEARCH_PATHS = (
					"$(SDKROOT)/Developer/Library/Frameworks",
					"$(inherited)",
					"$(DEVELOPER_FRAMEWORKS_DIR)",
				);
				GCC_PRECOMPILE_PREFIX_HEADER = YES;
				GCC_PREFIX_HEADER = "GREBee/GREBee-Prefix.pch";
				GCC_PREPROCESSOR_DEFINITIONS = (
					"DEBUG=1",
					"$(inherited)",
				);
				INFOPLIST_FILE = "GREBeeTests/GREBeeTests-Info.plist";
				PRODUCT_NAME = "$(TARGET_NAME)";
				TEST_HOST = "$(BUNDLE_LOADER)";
				WRAPPER_EXTENSION = xctest;
			};
			name = Debug;
		};
		17564C9118753F8A003EDCE1 /* Release */ = {
			isa = XCBuildConfiguration;
			buildSettings = {
				ARCHS = "$(ARCHS_STANDARD_INCLUDING_64_BIT)";
				BUNDLE_LOADER = "$(BUILT_PRODUCTS_DIR)/GREBee.app/GREBee";
				FRAMEWORK_SEARCH_PATHS = (
					"$(SDKROOT)/Developer/Library/Frameworks",
					"$(inherited)",
					"$(DEVELOPER_FRAMEWORKS_DIR)",
				);
				GCC_PRECOMPILE_PREFIX_HEADER = YES;
				GCC_PREFIX_HEADER = "GREBee/GREBee-Prefix.pch";
				INFOPLIST_FILE = "GREBeeTests/GREBeeTests-Info.plist";
				PRODUCT_NAME = "$(TARGET_NAME)";
				TEST_HOST = "$(BUNDLE_LOADER)";
				WRAPPER_EXTENSION = xctest;
			};
			name = Release;
		};
/* End XCBuildConfiguration section */

/* Begin XCConfigurationList section */
		17564C5518753F8A003EDCE1 /* Build configuration list for PBXProject "GREBee" */ = {
			isa = XCConfigurationList;
			buildConfigurations = (
				17564C8A18753F8A003EDCE1 /* Debug */,
				17564C8B18753F8A003EDCE1 /* Release */,
			);
			defaultConfigurationIsVisible = 0;
			defaultConfigurationName = Release;
		};
		17564C8C18753F8A003EDCE1 /* Build configuration list for PBXNativeTarget "GREBee" */ = {
			isa = XCConfigurationList;
			buildConfigurations = (
				17564C8D18753F8A003EDCE1 /* Debug */,
				17564C8E18753F8A003EDCE1 /* Release */,
			);
			defaultConfigurationIsVisible = 0;
			defaultConfigurationName = Release;
		};
		17564C8F18753F8A003EDCE1 /* Build configuration list for PBXNativeTarget "GREBeeTests" */ = {
			isa = XCConfigurationList;
			buildConfigurations = (
				17564C9018753F8A003EDCE1 /* Debug */,
				17564C9118753F8A003EDCE1 /* Release */,
			);
			defaultConfigurationIsVisible = 0;
			defaultConfigurationName = Release;
		};
/* End XCConfigurationList section */

/* Begin XCVersionGroup section */
		17574BA4187D282F00F1B85C /* WordList.xcdatamodeld */ = {
			isa = XCVersionGroup;
			children = (
				17574BA5187D282F00F1B85C /* WordList.xcdatamodel */,
			);
			currentVersion = 17574BA5187D282F00F1B85C /* WordList.xcdatamodel */;
			path = WordList.xcdatamodeld;
			sourceTree = "<group>";
			versionGroupType = wrapper.xcdatamodel;
		};
/* End XCVersionGroup section */
	};
	rootObject = 17564C5218753F8A003EDCE1 /* Project object */;
}
